// !$*UTF8*$!
{
	archiveVersion = 1;
	classes = {
	};
	objectVersion = 46;
	objects = {

/* Begin PBXBuildFile section */
		CC21FD301991F0B800EBCB93 /* Foundation.framework in Frameworks */ = {isa = PBXBuildFile; fileRef = CC21FD2F1991F0B800EBCB93 /* Foundation.framework */; };
		CC21FD321991F0B800EBCB93 /* CoreGraphics.framework in Frameworks */ = {isa = PBXBuildFile; fileRef = CC21FD311991F0B800EBCB93 /* CoreGraphics.framework */; };
		CC21FD341991F0B800EBCB93 /* UIKit.framework in Frameworks */ = {isa = PBXBuildFile; fileRef = CC21FD331991F0B800EBCB93 /* UIKit.framework */; };
		CC21FD3A1991F0B800EBCB93 /* InfoPlist.strings in Resources */ = {isa = PBXBuildFile; fileRef = CC21FD381991F0B800EBCB93 /* InfoPlist.strings */; };
		CC21FD3C1991F0B800EBCB93 /* main.m in Sources */ = {isa = PBXBuildFile; fileRef = CC21FD3B1991F0B800EBCB93 /* main.m */; };
		CC21FD401991F0B800EBCB93 /* AppDelegate.m in Sources */ = {isa = PBXBuildFile; fileRef = CC21FD3F1991F0B800EBCB93 /* AppDelegate.m */; };
		CC21FD431991F0B800EBCB93 /* Main.storyboard in Resources */ = {isa = PBXBuildFile; fileRef = CC21FD411991F0B800EBCB93 /* Main.storyboard */; };
		CC21FD461991F0B800EBCB93 /* ViewController.m in Sources */ = {isa = PBXBuildFile; fileRef = CC21FD451991F0B800EBCB93 /* ViewController.m */; };
		CC21FD481991F0B800EBCB93 /* Images.xcassets in Resources */ = {isa = PBXBuildFile; fileRef = CC21FD471991F0B800EBCB93 /* Images.xcassets */; };
		CC21FD4F1991F0B800EBCB93 /* XCTest.framework in Frameworks */ = {isa = PBXBuildFile; fileRef = CC21FD4E1991F0B800EBCB93 /* XCTest.framework */; };
		CC21FD501991F0B800EBCB93 /* Foundation.framework in Frameworks */ = {isa = PBXBuildFile; fileRef = CC21FD2F1991F0B800EBCB93 /* Foundation.framework */; };
		CC21FD511991F0B800EBCB93 /* UIKit.framework in Frameworks */ = {isa = PBXBuildFile; fileRef = CC21FD331991F0B800EBCB93 /* UIKit.framework */; };
		CC21FD591991F0B800EBCB93 /* InfoPlist.strings in Resources */ = {isa = PBXBuildFile; fileRef = CC21FD571991F0B800EBCB93 /* InfoPlist.strings */; };
		CC21FD5B1991F0B800EBCB93 /* buttondemoTests.m in Sources */ = {isa = PBXBuildFile; fileRef = CC21FD5A1991F0B800EBCB93 /* buttondemoTests.m */; };
/* End PBXBuildFile section */

/* Begin PBXContainerItemProxy section */
		CC21FD521991F0B800EBCB93 /* PBXContainerItemProxy */ = {
			isa = PBXContainerItemProxy;
			containerPortal = CC21FD241991F0B800EBCB93 /* Project object */;
			proxyType = 1;
			remoteGlobalIDString = CC21FD2B1991F0B800EBCB93;
			remoteInfo = buttondemo;
		};
/* End PBXContainerItemProxy section */

/* Begin PBXFileReference section */
		CC21FD2C1991F0B800EBCB93 /* buttondemo.app */ = {isa = PBXFileReference; explicitFileType = wrapper.application; includeInIndex = 0; path = buttondemo.app; sourceTree = BUILT_PRODUCTS_DIR; };
		CC21FD2F1991F0B800EBCB93 /* Foundation.framework */ = {isa = PBXFileReference; lastKnownFileType = wrapper.framework; name = Foundation.framework; path = System/Library/Frameworks/Foundation.framework; sourceTree = SDKROOT; };
		CC21FD311991F0B800EBCB93 /* CoreGraphics.framework */ = {isa = PBXFileReference; lastKnownFileType = wrapper.framework; name = CoreGraphics.framework; path = System/Library/Frameworks/CoreGraphics.framework; sourceTree = SDKROOT; };
		CC21FD331991F0B800EBCB93 /* UIKit.framework */ = {isa = PBXFileReference; lastKnownFileType = wrapper.framework; name = UIKit.framework; path = System/Library/Frameworks/UIKit.framework; sourceTree = SDKROOT; };
		CC21FD371991F0B800EBCB93 /* buttondemo-Info.plist */ = {isa = PBXFileReference; lastKnownFileType = text.plist.xml; path = "buttondemo-Info.plist"; sourceTree = "<group>"; };
		CC21FD391991F0B800EBCB93 /* en */ = {isa = PBXFileReference; lastKnownFileType = text.plist.strings; name = en; path = en.lproj/InfoPlist.strings; sourceTree = "<group>"; };
		CC21FD3B1991F0B800EBCB93 /* main.m */ = {isa = PBXFileReference; lastKnownFileType = sourcecode.c.objc; path = main.m; sourceTree = "<group>"; };
		CC21FD3D1991F0B800EBCB93 /* buttondemo-Prefix.pch */ = {isa = PBXFileReference; lastKnownFileType = sourcecode.c.h; path = "buttondemo-Prefix.pch"; sourceTree = "<group>"; };
		CC21FD3E1991F0B800EBCB93 /* AppDelegate.h */ = {isa = PBXFileReference; lastKnownFileType = sourcecode.c.h; path = AppDelegate.h; sourceTree = "<group>"; };
		CC21FD3F1991F0B800EBCB93 /* AppDelegate.m */ = {isa = PBXFileReference; lastKnownFileType = sourcecode.c.objc; path = AppDelegate.m; sourceTree = "<group>"; };
		CC21FD421991F0B800EBCB93 /* Base */ = {isa = PBXFileReference; lastKnownFileType = file.storyboard; name = Base; path = Base.lproj/Main.storyboard; sourceTree = "<group>"; };
		CC21FD441991F0B800EBCB93 /* ViewController.h */ = {isa = PBXFileReference; lastKnownFileType = sourcecode.c.h; path = ViewController.h; sourceTree = "<group>"; };
		CC21FD451991F0B800EBCB93 /* ViewController.m */ = {isa = PBXFileReference; lastKnownFileType = sourcecode.c.objc; path = ViewController.m; sourceTree = "<group>"; };
		CC21FD471991F0B800EBCB93 /* Images.xcassets */ = {isa = PBXFileReference; lastKnownFileType = folder.assetcatalog; path = Images.xcassets; sourceTree = "<group>"; };
		CC21FD4D1991F0B800EBCB93 /* buttondemoTests.xctest */ = {isa = PBXFileReference; explicitFileType = wrapper.cfbundle; includeInIndex = 0; path = buttondemoTests.xctest; sourceTree = BUILT_PRODUCTS_DIR; };
		CC21FD4E1991F0B800EBCB93 /* XCTest.framework */ = {isa = PBXFileReference; lastKnownFileType = wrapper.framework; name = XCTest.framework; path = Library/Frameworks/XCTest.framework; sourceTree = DEVELOPER_DIR; };
		CC21FD561991F0B800EBCB93 /* buttondemoTests-Info.plist */ = {isa = PBXFileReference; lastKnownFileType = text.plist.xml; path = "buttondemoTests-Info.plist"; sourceTree = "<group>"; };
		CC21FD581991F0B800EBCB93 /* en */ = {isa = PBXFileReference; lastKnownFileType = text.plist.strings; name = en; path = en.lproj/InfoPlist.strings; sourceTree = "<group>"; };
		CC21FD5A1991F0B800EBCB93 /* buttondemoTests.m */ = {isa = PBXFileReference; lastKnownFileType = sourcecode.c.objc; path = buttondemoTests.m; sourceTree = "<group>"; };
/* End PBXFileReference section */

/* Begin PBXFrameworksBuildPhase section */
		CC21FD291991F0B800EBCB93 /* Frameworks */ = {
			isa = PBXFrameworksBuildPhase;
			buildActionMask = 2147483647;
			files = (
				CC21FD321991F0B800EBCB93 /* CoreGraphics.framework in Frameworks */,
				CC21FD341991F0B800EBCB93 /* UIKit.framework in Frameworks */,
				CC21FD301991F0B800EBCB93 /* Foundation.framework in Frameworks */,
			);
			runOnlyForDeploymentPostprocessing = 0;
		};
		CC21FD4A1991F0B800EBCB93 /* Frameworks */ = {
			isa = PBXFrameworksBuildPhase;
			buildActionMask = 2147483647;
			files = (
				CC21FD4F1991F0B800EBCB93 /* XCTest.framework in Frameworks */,
				CC21FD511991F0B800EBCB93 /* UIKit.framework in Frameworks */,
				CC21FD501991F0B800EBCB93 /* Foundation.framework in Frameworks */,
			);
			runOnlyForDeploymentPostprocessing = 0;
		};
/* End PBXFrameworksBuildPhase section */

/* Begin PBXGroup section */
		CC21FD231991F0B800EBCB93 = {
			isa = PBXGroup;
			children = (
				CC21FD351991F0B800EBCB93 /* buttondemo */,
				CC21FD541991F0B800EBCB93 /* buttondemoTests */,
				CC21FD2E1991F0B800EBCB93 /* Frameworks */,
				CC21FD2D1991F0B800EBCB93 /* Products */,
			);
			sourceTree = "<group>";
		};
		CC21FD2D1991F0B800EBCB93 /* Products */ = {
			isa = PBXGroup;
			children = (
				CC21FD2C1991F0B800EBCB93 /* buttondemo.app */,
				CC21FD4D1991F0B800EBCB93 /* buttondemoTests.xctest */,
			);
			name = Products;
			sourceTree = "<group>";
		};
		CC21FD2E1991F0B800EBCB93 /* Frameworks */ = {
			isa = PBXGroup;
			children = (
				CC21FD2F1991F0B800EBCB93 /* Foundation.framework */,
				CC21FD311991F0B800EBCB93 /* CoreGraphics.framework */,
				CC21FD331991F0B800EBCB93 /* UIKit.framework */,
				CC21FD4E1991F0B800EBCB93 /* XCTest.framework */,
			);
			name = Frameworks;
			sourceTree = "<group>";
		};
		CC21FD351991F0B800EBCB93 /* buttondemo */ = {
			isa = PBXGroup;
			children = (
				CC21FD3E1991F0B800EBCB93 /* AppDelegate.h */,
				CC21FD3F1991F0B800EBCB93 /* AppDelegate.m */,
				CC21FD411991F0B800EBCB93 /* Main.storyboard */,
				CC21FD441991F0B800EBCB93 /* ViewController.h */,
				CC21FD451991F0B800EBCB93 /* ViewController.m */,
				CC21FD471991F0B800EBCB93 /* Images.xcassets */,
				CC21FD361991F0B800EBCB93 /* Supporting Files */,
			);
			path = buttondemo;
			sourceTree = "<group>";
		};
		CC21FD361991F0B800EBCB93 /* Supporting Files */ = {
			isa = PBXGroup;
			children = (
				CC21FD371991F0B800EBCB93 /* buttondemo-Info.plist */,
				CC21FD381991F0B800EBCB93 /* InfoPlist.strings */,
				CC21FD3B1991F0B800EBCB93 /* main.m */,
				CC21FD3D1991F0B800EBCB93 /* buttondemo-Prefix.pch */,
			);
			name = "Supporting Files";
			sourceTree = "<group>";
		};
		CC21FD541991F0B800EBCB93 /* buttondemoTests */ = {
			isa = PBXGroup;
			children = (
				CC21FD5A1991F0B800EBCB93 /* buttondemoTests.m */,
				CC21FD551991F0B800EBCB93 /* Supporting Files */,
			);
			path = buttondemoTests;
			sourceTree = "<group>";
		};
		CC21FD551991F0B800EBCB93 /* Supporting Files */ = {
			isa = PBXGroup;
			children = (
				CC21FD561991F0B800EBCB93 /* buttondemoTests-Info.plist */,
				CC21FD571991F0B800EBCB93 /* InfoPlist.strings */,
			);
			name = "Supporting Files";
			sourceTree = "<group>";
		};
/* End PBXGroup section */

/* Begin PBXNativeTarget section */
		CC21FD2B1991F0B800EBCB93 /* buttondemo */ = {
			isa = PBXNativeTarget;
			buildConfigurationList = CC21FD5E1991F0B800EBCB93 /* Build configuration list for PBXNativeTarget "buttondemo" */;
			buildPhases = (
				CC21FD281991F0B800EBCB93 /* Sources */,
				CC21FD291991F0B800EBCB93 /* Frameworks */,
				CC21FD2A1991F0B800EBCB93 /* Resources */,
			);
			buildRules = (
			);
			dependencies = (
			);
			name = buttondemo;
			productName = buttondemo;
			productReference = CC21FD2C1991F0B800EBCB93 /* buttondemo.app */;
			productType = "com.apple.product-type.application";
		};
		CC21FD4C1991F0B800EBCB93 /* buttondemoTests */ = {
			isa = PBXNativeTarget;
			buildConfigurationList = CC21FD611991F0B800EBCB93 /* Build configuration list for PBXNativeTarget "buttondemoTests" */;
			buildPhases = (
				CC21FD491991F0B800EBCB93 /* Sources */,
				CC21FD4A1991F0B800EBCB93 /* Frameworks */,
				CC21FD4B1991F0B800EBCB93 /* Resources */,
			);
			buildRules = (
			);
			dependencies = (
				CC21FD531991F0B800EBCB93 /* PBXTargetDependency */,
			);
			name = buttondemoTests;
			productName = buttondemoTests;
			productReference = CC21FD4D1991F0B800EBCB93 /* buttondemoTests.xctest */;
			productType = "com.apple.product-type.bundle.unit-test";
		};
/* End PBXNativeTarget section */

/* Begin PBXProject section */
		CC21FD241991F0B800EBCB93 /* Project object */ = {
			isa = PBXProject;
			attributes = {
				LastUpgradeCheck = 0510;
				ORGANIZATIONNAME = senao.mis;
				TargetAttributes = {
					CC21FD4C1991F0B800EBCB93 = {
						TestTargetID = CC21FD2B1991F0B800EBCB93;
					};
				};
			};
			buildConfigurationList = CC21FD271991F0B800EBCB93 /* Build configuration list for PBXProject "buttondemo" */;
			compatibilityVersion = "Xcode 3.2";
			developmentRegion = English;
			hasScannedForEncodings = 0;
			knownRegions = (
				en,
				Base,
			);
			mainGroup = CC21FD231991F0B800EBCB93;
			productRefGroup = CC21FD2D1991F0B800EBCB93 /* Products */;
			projectDirPath = "";
			projectRoot = "";
			targets = (
				CC21FD2B1991F0B800EBCB93 /* buttondemo */,
				CC21FD4C1991F0B800EBCB93 /* buttondemoTests */,
			);
		};
/* End PBXProject section */

/* Begin PBXResourcesBuildPhase section */
		CC21FD2A1991F0B800EBCB93 /* Resources */ = {
			isa = PBXResourcesBuildPhase;
			buildActionMask = 2147483647;
			files = (
				CC21FD481991F0B800EBCB93 /* Images.xcassets in Resources */,
				CC21FD3A1991F0B800EBCB93 /* InfoPlist.strings in Resources */,
				CC21FD431991F0B800EBCB93 /* Main.storyboard in Resources */,
			);
			runOnlyForDeploymentPostprocessing = 0;
		};
		CC21FD4B1991F0B800EBCB93 /* Resources */ = {
			isa = PBXResourcesBuildPhase;
			buildActionMask = 2147483647;
			files = (
				CC21FD591991F0B800EBCB93 /* InfoPlist.strings in Resources */,
			);
			runOnlyForDeploymentPostprocessing = 0;
		};
/* End PBXResourcesBuildPhase section */

/* Begin PBXSourcesBuildPhase section */
		CC21FD281991F0B800EBCB93 /* Sources */ = {
			isa = PBXSourcesBuildPhase;
			buildActionMask = 2147483647;
			files = (
				CC21FD461991F0B800EBCB93 /* ViewController.m in Sources */,
				CC21FD401991F0B800EBCB93 /* AppDelegate.m in Sources */,
				CC21FD3C1991F0B800EBCB93 /* main.m in Sources */,
			);
			runOnlyForDeploymentPostprocessing = 0;
		};
		CC21FD491991F0B800EBCB93 /* Sources */ = {
			isa = PBXSourcesBuildPhase;
			buildActionMask = 2147483647;
			files = (
				CC21FD5B1991F0B800EBCB93 /* buttondemoTests.m in Sources */,
			);
			runOnlyForDeploymentPostprocessing = 0;
		};
/* End PBXSourcesBuildPhase section */

/* Begin PBXTargetDependency section */
		CC21FD531991F0B800EBCB93 /* PBXTargetDependency */ = {
			isa = PBXTargetDependency;
			target = CC21FD2B1991F0B800EBCB93 /* buttondemo */;
			targetProxy = CC21FD521991F0B800EBCB93 /* PBXContainerItemProxy */;
		};
/* End PBXTargetDependency section */

/* Begin PBXVariantGroup section */
		CC21FD381991F0B800EBCB93 /* InfoPlist.strings */ = {
			isa = PBXVariantGroup;
			children = (
				CC21FD391991F0B800EBCB93 /* en */,
			);
			name = InfoPlist.strings;
			sourceTree = "<group>";
		};
		CC21FD411991F0B800EBCB93 /* Main.storyboard */ = {
			isa = PBXVariantGroup;
			children = (
				CC21FD421991F0B800EBCB93 /* Base */,
			);
			name = Main.storyboard;
			sourceTree = "<group>";
		};
		CC21FD571991F0B800EBCB93 /* InfoPlist.strings */ = {
			isa = PBXVariantGroup;
			children = (
				CC21FD581991F0B800EBCB93 /* en */,
			);
			name = InfoPlist.strings;
			sourceTree = "<group>";
		};
/* End PBXVariantGroup section */

/* Begin XCBuildConfiguration section */
		CC21FD5C1991F0B800EBCB93 /* Debug */ = {
			isa = XCBuildConfiguration;
			buildSettings = {
				ALWAYS_SEARCH_USER_PATHS = NO;
				CLANG_CXX_LANGUAGE_STANDARD = "gnu++0x";
				CLANG_CXX_LIBRARY = "libc++";
				CLANG_ENABLE_MODULES = YES;
				CLANG_ENABLE_OBJC_ARC = YES;
				CLANG_WARN_BOOL_CONVERSION = YES;
				CLANG_WARN_CONSTANT_CONVERSION = YES;
				CLANG_WARN_DIRECT_OBJC_ISA_USAGE = YES_ERROR;
				CLANG_WARN_EMPTY_BODY = YES;
				CLANG_WARN_ENUM_CONVERSION = YES;
				CLANG_WARN_INT_CONVERSION = YES;
				CLANG_WARN_OBJC_ROOT_CLASS = YES_ERROR;
				CLANG_WARN__DUPLICATE_METHOD_MATCH = YES;
				CODE_SIGN_IDENTITY = "iPhone Developer";
				"CODE_SIGN_IDENTITY[sdk=iphoneos*]" = "iPhone Developer";
				COPY_PHASE_STRIP = NO;
				GCC_C_LANGUAGE_STANDARD = gnu99;
				GCC_DYNAMIC_NO_PIC = NO;
				GCC_OPTIMIZATION_LEVEL = 0;
				GCC_PREPROCESSOR_DEFINITIONS = (
					"DEBUG=1",
					"$(inherited)",
				);
				GCC_SYMBOLS_PRIVATE_EXTERN = NO;
				GCC_WARN_64_TO_32_BIT_CONVERSION = YES;
				GCC_WARN_ABOUT_RETURN_TYPE = YES_ERROR;
				GCC_WARN_UNDECLARED_SELECTOR = YES;
				GCC_WARN_UNINITIALIZED_AUTOS = YES_AGGRESSIVE;
				GCC_WARN_UNUSED_FUNCTION = YES;
				GCC_WARN_UNUSED_VARIABLE = YES;
				IPHONEOS_DEPLOYMENT_TARGET = 7.1;
				ONLY_ACTIVE_ARCH = YES;
				SDKROOT = iphoneos;
			};
			name = Debug;
		};
		CC21FD5D1991F0B800EBCB93 /* Release */ = {
			isa = XCBuildConfiguration;
			buildSettings = {
				ALWAYS_SEARCH_USER_PATHS = NO;
				CLANG_CXX_LANGUAGE_STANDARD = "gnu++0x";
				CLANG_CXX_LIBRARY = "libc++";
				CLANG_ENABLE_MODULES = YES;
				CLANG_ENABLE_OBJC_ARC = YES;
				CLANG_WARN_BOOL_CONVERSION = YES;
				CLANG_WARN_CONSTANT_CONVERSION = YES;
				CLANG_WARN_DIRECT_OBJC_ISA_USAGE = YES_ERROR;
				CLANG_WARN_EMPTY_BODY = YES;
				CLANG_WARN_ENUM_CONVERSION = YES;
				CLANG_WARN_INT_CONVERSION = YES;
				CLANG_WARN_OBJC_ROOT_CLASS = YES_ERROR;
				CLANG_WARN__DUPLICATE_METHOD_MATCH = YES;
				CODE_SIGN_IDENTITY = "iPhone Developer";
				"CODE_SIGN_IDENTITY[sdk=iphoneos*]" = "";
				COPY_PHASE_STRIP = YES;
				ENABLE_NS_ASSERTIONS = NO;
				GCC_C_LANGUAGE_STANDARD = gnu99;
				GCC_WARN_64_TO_32_BIT_CONVERSION = YES;
				GCC_WARN_ABOUT_RETURN_TYPE = YES_ERROR;
				GCC_WARN_UNDECLARED_SELECTOR = YES;
				GCC_WARN_UNINITIALIZED_AUTOS = YES_AGGRESSIVE;
				GCC_WARN_UNUSED_FUNCTION = YES;
				GCC_WARN_UNUSED_VARIABLE = YES;
				IPHONEOS_DEPLOYMENT_TARGET = 7.1;
				SDKROOT = iphoneos;
				VALIDATE_PRODUCT = YES;
			};
			name = Release;
		};
		CC21FD5F1991F0B800EBCB93 /* Debug */ = {
			isa = XCBuildConfiguration;
			buildSettings = {
				ASSETCATALOG_COMPILER_APPICON_NAME = AppIcon;
				ASSETCATALOG_COMPILER_LAUNCHIMAGE_NAME = LaunchImage;
				GCC_PRECOMPILE_PREFIX_HEADER = YES;
				GCC_PREFIX_HEADER = "buttondemo/buttondemo-Prefix.pch";
				INFOPLIST_FILE = "buttondemo/buttondemo-Info.plist";
				PRODUCT_NAME = "$(TARGET_NAME)";
				WRAPPER_EXTENSION = app;
			};
			name = Debug;
		};
		CC21FD601991F0B800EBCB93 /* Release */ = {
			isa = XCBuildConfiguration;
			buildSettings = {
				ASSETCATALOG_COMPILER_APPICON_NAME = AppIcon;
				ASSETCATALOG_COMPILER_LAUNCHIMAGE_NAME = LaunchImage;
				GCC_PRECOMPILE_PREFIX_HEADER = YES;
				GCC_PREFIX_HEADER = "buttondemo/buttondemo-Prefix.pch";
				INFOPLIST_FILE = "buttondemo/buttondemo-Info.plist";
				PRODUCT_NAME = "$(TARGET_NAME)";
				WRAPPER_EXTENSION = app;
			};
			name = Release;
		};
		CC21FD621991F0B800EBCB93 /* Debug */ = {
			isa = XCBuildConfiguration;
			buildSettings = {
				BUNDLE_LOADER = "$(BUILT_PRODUCTS_DIR)/buttondemo.app/buttondemo";
				FRAMEWORK_SEARCH_PATHS = (
					"$(SDKROOT)/Developer/Library/Frameworks",
					"$(inherited)",
					"$(DEVELOPER_FRAMEWORKS_DIR)",
				);
				GCC_PRECOMPILE_PREFIX_HEADER = YES;
				GCC_PREFIX_HEADER = "buttondemo/buttondemo-Prefix.pch";
				GCC_PREPROCESSOR_DEFINITIONS = (
					"DEBUG=1",
					"$(inherited)",
				);
				INFOPLIST_FILE = "buttondemoTests/buttondemoTests-Info.plist";
				PRODUCT_NAME = "$(TARGET_NAME)";
				TEST_HOST = "$(BUNDLE_LOADER)";
				WRAPPER_EXTENSION = xctest;
			};
			name = Debug;
		};
		CC21FD631991F0B800EBCB93 /* Release */ = {
			isa = XCBuildConfiguration;
			buildSettings = {
				BUNDLE_LOADER = "$(BUILT_PRODUCTS_DIR)/buttondemo.app/buttondemo";
				FRAMEWORK_SEARCH_PATHS = (
					"$(SDKROOT)/Developer/Library/Frameworks",
					"$(inherited)",
					"$(DEVELOPER_FRAMEWORKS_DIR)",
				);
				GCC_PRECOMPILE_PREFIX_HEADER = YES;
				GCC_PREFIX_HEADER = "buttondemo/buttondemo-Prefix.pch";
				INFOPLIST_FILE = "buttondemoTests/buttondemoTests-Info.plist";
				PRODUCT_NAME = "$(TARGET_NAME)";
				TEST_HOST = "$(BUNDLE_LOADER)";
				WRAPPER_EXTENSION = xctest;
			};
			name = Release;
		};
/* End XCBuildConfiguration section */

/* Begin XCConfigurationList section */
		CC21FD271991F0B800EBCB93 /* Build configuration list for PBXProject "buttondemo" */ = {
			isa = XCConfigurationList;
			buildConfigurations = (
				CC21FD5C1991F0B800EBCB93 /* Debug */,
				CC21FD5D1991F0B800EBCB93 /* Release */,
			);
			defaultConfigurationIsVisible = 0;
			defaultConfigurationName = Release;
		};
		CC21FD5E1991F0B800EBCB93 /* Build configuration list for PBXNativeTarget "buttondemo" */ = {
			isa = XCConfigurationList;
			buildConfigurations = (
				CC21FD5F1991F0B800EBCB93 /* Debug */,
				CC21FD601991F0B800EBCB93 /* Release */,
			);
			defaultConfigurationIsVisible = 0;
		};
		CC21FD611991F0B800EBCB93 /* Build configuration list for PBXNativeTarget "buttondemoTests" */ = {
			isa = XCConfigurationList;
			buildConfigurations = (
				CC21FD621991F0B800EBCB93 /* Debug */,
				CC21FD631991F0B800EBCB93 /* Release */,
			);
			defaultConfigurationIsVisible = 0;
		};
/* End XCConfigurationList section */
	};
	rootObject = CC21FD241991F0B800EBCB93 /* Project object */;
}
